// !$*UTF8*$!
{
	archiveVersion = 1;
	classes = {
	};
	objectVersion = 50;
	objects = {

/* Begin PBXBuildFile section */
		2D320F6921A3409A006F26D0 /* ContactCell.swift in Sources */ = {isa = PBXBuildFile; fileRef = 2D320F6721A3409A006F26D0 /* ContactCell.swift */; };
		2D320F6A21A3409A006F26D0 /* ContactCell.xib in Resources */ = {isa = PBXBuildFile; fileRef = 2D320F6821A3409A006F26D0 /* ContactCell.xib */; };
		2D320F6D21A340DF006F26D0 /* MessageCell.swift in Sources */ = {isa = PBXBuildFile; fileRef = 2D320F6B21A340DF006F26D0 /* MessageCell.swift */; };
		2D320F6E21A340DF006F26D0 /* MessageCell.xib in Resources */ = {isa = PBXBuildFile; fileRef = 2D320F6C21A340DF006F26D0 /* MessageCell.xib */; };
		2D320F7021A346C7006F26D0 /* GoogleService-Info.plist in Resources */ = {isa = PBXBuildFile; fileRef = 2D320F6F21A346C7006F26D0 /* GoogleService-Info.plist */; };
		2D320F7221A34CB1006F26D0 /* RegistrationViewController.swift in Sources */ = {isa = PBXBuildFile; fileRef = 2D320F7121A34CB1006F26D0 /* RegistrationViewController.swift */; };
		2D320F7421A34E94006F26D0 /* SigninViewController.swift in Sources */ = {isa = PBXBuildFile; fileRef = 2D320F7321A34E94006F26D0 /* SigninViewController.swift */; };
		2D51457521A59FEA00DA9FD1 /* ChatListViewController.swift in Sources */ = {isa = PBXBuildFile; fileRef = 2D51457421A59FEA00DA9FD1 /* ChatListViewController.swift */; };
		2D51457721A5A05E00DA9FD1 /* ContactPerson.swift in Sources */ = {isa = PBXBuildFile; fileRef = 2D51457621A5A05E00DA9FD1 /* ContactPerson.swift */; };
		2D51457921A5A0E300DA9FD1 /* Message.swift in Sources */ = {isa = PBXBuildFile; fileRef = 2D51457821A5A0E300DA9FD1 /* Message.swift */; };
		2D76489A21A205600014B899 /* AppDelegate.swift in Sources */ = {isa = PBXBuildFile; fileRef = 2D76489921A205600014B899 /* AppDelegate.swift */; };
		2D76489C21A205600014B899 /* WelcomeViewController.swift in Sources */ = {isa = PBXBuildFile; fileRef = 2D76489B21A205600014B899 /* WelcomeViewController.swift */; };
		2D76489F21A205600014B899 /* Main.storyboard in Resources */ = {isa = PBXBuildFile; fileRef = 2D76489D21A205600014B899 /* Main.storyboard */; };
		2D7648A121A205600014B899 /* Assets.xcassets in Resources */ = {isa = PBXBuildFile; fileRef = 2D7648A021A205600014B899 /* Assets.xcassets */; };
		2D7648A421A205600014B899 /* LaunchScreen.storyboard in Resources */ = {isa = PBXBuildFile; fileRef = 2D7648A221A205600014B899 /* LaunchScreen.storyboard */; };
		2D7648AF21A205610014B899 /* MessangerAppTests.swift in Sources */ = {isa = PBXBuildFile; fileRef = 2D7648AE21A205610014B899 /* MessangerAppTests.swift */; };
		2D7648BA21A205610014B899 /* MessangerAppUITests.swift in Sources */ = {isa = PBXBuildFile; fileRef = 2D7648B921A205610014B899 /* MessangerAppUITests.swift */; };
		2D81179321A84948007F3778 /* AddNewContactViewController.swift in Sources */ = {isa = PBXBuildFile; fileRef = 2D81179221A84948007F3778 /* AddNewContactViewController.swift */; };
		77D3EDC9A75614FB6396FB18 /* Pods_MessangerAppUITests.framework in Frameworks */ = {isa = PBXBuildFile; fileRef = FF424B627E63C150D4043DA5 /* Pods_MessangerAppUITests.framework */; };
		8AAF9BB59556C98DC3EB1DD7 /* Pods_MessangerApp.framework in Frameworks */ = {isa = PBXBuildFile; fileRef = 94E13364C539B84518F02B96 /* Pods_MessangerApp.framework */; };
		927E3736AC3109A3496B7ED8 /* Pods_MessangerAppTests.framework in Frameworks */ = {isa = PBXBuildFile; fileRef = 42CAF37372543635B11AD6DB /* Pods_MessangerAppTests.framework */; };
/* End PBXBuildFile section */

/* Begin PBXContainerItemProxy section */
		2D7648AB21A205610014B899 /* PBXContainerItemProxy */ = {
			isa = PBXContainerItemProxy;
			containerPortal = 2D76488E21A205600014B899 /* Project object */;
			proxyType = 1;
			remoteGlobalIDString = 2D76489521A205600014B899;
			remoteInfo = MessangerApp;
		};
		2D7648B621A205610014B899 /* PBXContainerItemProxy */ = {
			isa = PBXContainerItemProxy;
			containerPortal = 2D76488E21A205600014B899 /* Project object */;
			proxyType = 1;
			remoteGlobalIDString = 2D76489521A205600014B899;
			remoteInfo = MessangerApp;
		};
/* End PBXContainerItemProxy section */

/* Begin PBXFileReference section */
		2D320F6721A3409A006F26D0 /* ContactCell.swift */ = {isa = PBXFileReference; lastKnownFileType = sourcecode.swift; path = ContactCell.swift; sourceTree = "<group>"; };
		2D320F6821A3409A006F26D0 /* ContactCell.xib */ = {isa = PBXFileReference; lastKnownFileType = file.xib; path = ContactCell.xib; sourceTree = "<group>"; };
		2D320F6B21A340DF006F26D0 /* MessageCell.swift */ = {isa = PBXFileReference; lastKnownFileType = sourcecode.swift; path = MessageCell.swift; sourceTree = "<group>"; };
		2D320F6C21A340DF006F26D0 /* MessageCell.xib */ = {isa = PBXFileReference; lastKnownFileType = file.xib; path = MessageCell.xib; sourceTree = "<group>"; };
		2D320F6F21A346C7006F26D0 /* GoogleService-Info.plist */ = {isa = PBXFileReference; fileEncoding = 4; lastKnownFileType = text.plist.xml; path = "GoogleService-Info.plist"; sourceTree = "<group>"; };
		2D320F7121A34CB1006F26D0 /* RegistrationViewController.swift */ = {isa = PBXFileReference; lastKnownFileType = sourcecode.swift; path = RegistrationViewController.swift; sourceTree = "<group>"; };
		2D320F7321A34E94006F26D0 /* SigninViewController.swift */ = {isa = PBXFileReference; lastKnownFileType = sourcecode.swift; path = SigninViewController.swift; sourceTree = "<group>"; };
		2D51457421A59FEA00DA9FD1 /* ChatListViewController.swift */ = {isa = PBXFileReference; lastKnownFileType = sourcecode.swift; path = ChatListViewController.swift; sourceTree = "<group>"; };
		2D51457621A5A05E00DA9FD1 /* ContactPerson.swift */ = {isa = PBXFileReference; lastKnownFileType = sourcecode.swift; path = ContactPerson.swift; sourceTree = "<group>"; };
		2D51457821A5A0E300DA9FD1 /* Message.swift */ = {isa = PBXFileReference; lastKnownFileType = sourcecode.swift; path = Message.swift; sourceTree = "<group>"; };
		2D76489621A205600014B899 /* MessangerApp.app */ = {isa = PBXFileReference; explicitFileType = wrapper.application; includeInIndex = 0; path = MessangerApp.app; sourceTree = BUILT_PRODUCTS_DIR; };
		2D76489921A205600014B899 /* AppDelegate.swift */ = {isa = PBXFileReference; lastKnownFileType = sourcecode.swift; path = AppDelegate.swift; sourceTree = "<group>"; };
		2D76489B21A205600014B899 /* WelcomeViewController.swift */ = {isa = PBXFileReference; lastKnownFileType = sourcecode.swift; path = WelcomeViewController.swift; sourceTree = "<group>"; };
		2D76489E21A205600014B899 /* Base */ = {isa = PBXFileReference; lastKnownFileType = file.storyboard; name = Base; path = Base.lproj/Main.storyboard; sourceTree = "<group>"; };
		2D7648A021A205600014B899 /* Assets.xcassets */ = {isa = PBXFileReference; lastKnownFileType = folder.assetcatalog; path = Assets.xcassets; sourceTree = "<group>"; };
		2D7648A321A205600014B899 /* Base */ = {isa = PBXFileReference; lastKnownFileType = file.storyboard; name = Base; path = Base.lproj/LaunchScreen.storyboard; sourceTree = "<group>"; };
		2D7648A521A205600014B899 /* Info.plist */ = {isa = PBXFileReference; lastKnownFileType = text.plist.xml; path = Info.plist; sourceTree = "<group>"; };
		2D7648AA21A205610014B899 /* MessangerAppTests.xctest */ = {isa = PBXFileReference; explicitFileType = wrapper.cfbundle; includeInIndex = 0; path = MessangerAppTests.xctest; sourceTree = BUILT_PRODUCTS_DIR; };
		2D7648AE21A205610014B899 /* MessangerAppTests.swift */ = {isa = PBXFileReference; lastKnownFileType = sourcecode.swift; path = MessangerAppTests.swift; sourceTree = "<group>"; };
		2D7648B021A205610014B899 /* Info.plist */ = {isa = PBXFileReference; lastKnownFileType = text.plist.xml; path = Info.plist; sourceTree = "<group>"; };
		2D7648B521A205610014B899 /* MessangerAppUITests.xctest */ = {isa = PBXFileReference; explicitFileType = wrapper.cfbundle; includeInIndex = 0; path = MessangerAppUITests.xctest; sourceTree = BUILT_PRODUCTS_DIR; };
		2D7648B921A205610014B899 /* MessangerAppUITests.swift */ = {isa = PBXFileReference; lastKnownFileType = sourcecode.swift; path = MessangerAppUITests.swift; sourceTree = "<group>"; };
		2D7648BB21A205610014B899 /* Info.plist */ = {isa = PBXFileReference; lastKnownFileType = text.plist.xml; path = Info.plist; sourceTree = "<group>"; };
		2D81179221A84948007F3778 /* AddNewContactViewController.swift */ = {isa = PBXFileReference; lastKnownFileType = sourcecode.swift; path = AddNewContactViewController.swift; sourceTree = "<group>"; };
		42CAF37372543635B11AD6DB /* Pods_MessangerAppTests.framework */ = {isa = PBXFileReference; explicitFileType = wrapper.framework; includeInIndex = 0; path = Pods_MessangerAppTests.framework; sourceTree = BUILT_PRODUCTS_DIR; };
		764BEFA9A85450DAD8D806D9 /* Pods-MessangerAppUITests.debug.xcconfig */ = {isa = PBXFileReference; includeInIndex = 1; lastKnownFileType = text.xcconfig; name = "Pods-MessangerAppUITests.debug.xcconfig"; path = "Pods/Target Support Files/Pods-MessangerAppUITests/Pods-MessangerAppUITests.debug.xcconfig"; sourceTree = "<group>"; };
		7CB984D501546466E33515A6 /* Pods-MessangerAppTests.release.xcconfig */ = {isa = PBXFileReference; includeInIndex = 1; lastKnownFileType = text.xcconfig; name = "Pods-MessangerAppTests.release.xcconfig"; path = "Pods/Target Support Files/Pods-MessangerAppTests/Pods-MessangerAppTests.release.xcconfig"; sourceTree = "<group>"; };
		94E13364C539B84518F02B96 /* Pods_MessangerApp.framework */ = {isa = PBXFileReference; explicitFileType = wrapper.framework; includeInIndex = 0; path = Pods_MessangerApp.framework; sourceTree = BUILT_PRODUCTS_DIR; };
		AF7014AA746290C8C4C337D4 /* Pods-MessangerAppUITests.release.xcconfig */ = {isa = PBXFileReference; includeInIndex = 1; lastKnownFileType = text.xcconfig; name = "Pods-MessangerAppUITests.release.xcconfig"; path = "Pods/Target Support Files/Pods-MessangerAppUITests/Pods-MessangerAppUITests.release.xcconfig"; sourceTree = "<group>"; };
		E4056C00FB370AE1AEF28BDC /* Pods-MessangerApp.release.xcconfig */ = {isa = PBXFileReference; includeInIndex = 1; lastKnownFileType = text.xcconfig; name = "Pods-MessangerApp.release.xcconfig"; path = "Pods/Target Support Files/Pods-MessangerApp/Pods-MessangerApp.release.xcconfig"; sourceTree = "<group>"; };
		F032E0BAA341E276257F328F /* Pods-MessangerAppTests.debug.xcconfig */ = {isa = PBXFileReference; includeInIndex = 1; lastKnownFileType = text.xcconfig; name = "Pods-MessangerAppTests.debug.xcconfig"; path = "Pods/Target Support Files/Pods-MessangerAppTests/Pods-MessangerAppTests.debug.xcconfig"; sourceTree = "<group>"; };
		F4BC79F4140F9B68C4CA1FF2 /* Pods-MessangerApp.debug.xcconfig */ = {isa = PBXFileReference; includeInIndex = 1; lastKnownFileType = text.xcconfig; name = "Pods-MessangerApp.debug.xcconfig"; path = "Pods/Target Support Files/Pods-MessangerApp/Pods-MessangerApp.debug.xcconfig"; sourceTree = "<group>"; };
		FF424B627E63C150D4043DA5 /* Pods_MessangerAppUITests.framework */ = {isa = PBXFileReference; explicitFileType = wrapper.framework; includeInIndex = 0; path = Pods_MessangerAppUITests.framework; sourceTree = BUILT_PRODUCTS_DIR; };
/* End PBXFileReference section */

/* Begin PBXFrameworksBuildPhase section */
		2D76489321A205600014B899 /* Frameworks */ = {
			isa = PBXFrameworksBuildPhase;
			buildActionMask = 2147483647;
			files = (
				8AAF9BB59556C98DC3EB1DD7 /* Pods_MessangerApp.framework in Frameworks */,
			);
			runOnlyForDeploymentPostprocessing = 0;
		};
		2D7648A721A205610014B899 /* Frameworks */ = {
			isa = PBXFrameworksBuildPhase;
			buildActionMask = 2147483647;
			files = (
				927E3736AC3109A3496B7ED8 /* Pods_MessangerAppTests.framework in Frameworks */,
			);
			runOnlyForDeploymentPostprocessing = 0;
		};
		2D7648B221A205610014B899 /* Frameworks */ = {
			isa = PBXFrameworksBuildPhase;
			buildActionMask = 2147483647;
			files = (
				77D3EDC9A75614FB6396FB18 /* Pods_MessangerAppUITests.framework in Frameworks */,
			);
			runOnlyForDeploymentPostprocessing = 0;
		};
/* End PBXFrameworksBuildPhase section */

/* Begin PBXGroup section */
		2D320F6121A34015006F26D0 /* View */ = {
			isa = PBXGroup;
			children = (
				2D320F6621A3405F006F26D0 /* ContactCell */,
				2D320F6521A3405D006F26D0 /* MessageCell */,
				2D76489D21A205600014B899 /* Main.storyboard */,
				2D7648A021A205600014B899 /* Assets.xcassets */,
				2D7648A221A205600014B899 /* LaunchScreen.storyboard */,
			);
			path = View;
			sourceTree = "<group>";
		};
		2D320F6221A34017006F26D0 /* Model */ = {
			isa = PBXGroup;
			children = (
				2D51457621A5A05E00DA9FD1 /* ContactPerson.swift */,
				2D51457821A5A0E300DA9FD1 /* Message.swift */,
			);
			path = Model;
			sourceTree = "<group>";
		};
		2D320F6321A3401A006F26D0 /* Controller */ = {
			isa = PBXGroup;
			children = (
				2D76489B21A205600014B899 /* WelcomeViewController.swift */,
				2D320F7121A34CB1006F26D0 /* RegistrationViewController.swift */,
				2D320F7321A34E94006F26D0 /* SigninViewController.swift */,
				2D51457421A59FEA00DA9FD1 /* ChatListViewController.swift */,
				2D81179221A84948007F3778 /* AddNewContactViewController.swift */,
			);
			path = Controller;
			sourceTree = "<group>";
		};
		2D320F6521A3405D006F26D0 /* MessageCell */ = {
			isa = PBXGroup;
			children = (
				2D320F6B21A340DF006F26D0 /* MessageCell.swift */,
				2D320F6C21A340DF006F26D0 /* MessageCell.xib */,
			);
			name = MessageCell;
			path = ContactCell;
			sourceTree = "<group>";
		};
		2D320F6621A3405F006F26D0 /* ContactCell */ = {
			isa = PBXGroup;
			children = (
				2D320F6721A3409A006F26D0 /* ContactCell.swift */,
				2D320F6821A3409A006F26D0 /* ContactCell.xib */,
			);
			name = ContactCell;
			path = MessageCell;
			sourceTree = "<group>";
		};
		2D76488D21A205600014B899 = {
			isa = PBXGroup;
			children = (
				2D76489821A205600014B899 /* MessangerApp */,
				2D7648AD21A205610014B899 /* MessangerAppTests */,
				2D7648B821A205610014B899 /* MessangerAppUITests */,
				2D76489721A205600014B899 /* Products */,
				49A282763CDA5D6DB45F9883 /* Pods */,
				8B0F6420DCA5A86293B903F1 /* Frameworks */,
			);
			sourceTree = "<group>";
		};
		2D76489721A205600014B899 /* Products */ = {
			isa = PBXGroup;
			children = (
				2D76489621A205600014B899 /* MessangerApp.app */,
				2D7648AA21A205610014B899 /* MessangerAppTests.xctest */,
				2D7648B521A205610014B899 /* MessangerAppUITests.xctest */,
			);
			name = Products;
			sourceTree = "<group>";
		};
		2D76489821A205600014B899 /* MessangerApp */ = {
			isa = PBXGroup;
			children = (
				2D320F6321A3401A006F26D0 /* Controller */,
				2D320F6221A34017006F26D0 /* Model */,
				2D320F6121A34015006F26D0 /* View */,
				2D76489921A205600014B899 /* AppDelegate.swift */,
				2D320F6F21A346C7006F26D0 /* GoogleService-Info.plist */,
				2D7648A521A205600014B899 /* Info.plist */,
			);
			path = MessangerApp;
			sourceTree = "<group>";
		};
		2D7648AD21A205610014B899 /* MessangerAppTests */ = {
			isa = PBXGroup;
			children = (
				2D7648AE21A205610014B899 /* MessangerAppTests.swift */,
				2D7648B021A205610014B899 /* Info.plist */,
			);
			path = MessangerAppTests;
			sourceTree = "<group>";
		};
		2D7648B821A205610014B899 /* MessangerAppUITests */ = {
			isa = PBXGroup;
			children = (
				2D7648B921A205610014B899 /* MessangerAppUITests.swift */,
				2D7648BB21A205610014B899 /* Info.plist */,
			);
			path = MessangerAppUITests;
			sourceTree = "<group>";
		};
		49A282763CDA5D6DB45F9883 /* Pods */ = {
			isa = PBXGroup;
			children = (
				F4BC79F4140F9B68C4CA1FF2 /* Pods-MessangerApp.debug.xcconfig */,
				E4056C00FB370AE1AEF28BDC /* Pods-MessangerApp.release.xcconfig */,
				F032E0BAA341E276257F328F /* Pods-MessangerAppTests.debug.xcconfig */,
				7CB984D501546466E33515A6 /* Pods-MessangerAppTests.release.xcconfig */,
				764BEFA9A85450DAD8D806D9 /* Pods-MessangerAppUITests.debug.xcconfig */,
				AF7014AA746290C8C4C337D4 /* Pods-MessangerAppUITests.release.xcconfig */,
			);
			name = Pods;
			sourceTree = "<group>";
		};
		8B0F6420DCA5A86293B903F1 /* Frameworks */ = {
			isa = PBXGroup;
			children = (
				94E13364C539B84518F02B96 /* Pods_MessangerApp.framework */,
				42CAF37372543635B11AD6DB /* Pods_MessangerAppTests.framework */,
				FF424B627E63C150D4043DA5 /* Pods_MessangerAppUITests.framework */,
			);
			name = Frameworks;
			sourceTree = "<group>";
		};
/* End PBXGroup section */

/* Begin PBXNativeTarget section */
		2D76489521A205600014B899 /* MessangerApp */ = {
			isa = PBXNativeTarget;
			buildConfigurationList = 2D7648BE21A205610014B899 /* Build configuration list for PBXNativeTarget "MessangerApp" */;
			buildPhases = (
				5EA4CE5C6C5B37F5F704F698 /* [CP] Check Pods Manifest.lock */,
				2D76489221A205600014B899 /* Sources */,
				2D76489321A205600014B899 /* Frameworks */,
				2D76489421A205600014B899 /* Resources */,
				B38C4C26B4852E69309452E0 /* [CP] Embed Pods Frameworks */,
			);
			buildRules = (
			);
			dependencies = (
			);
			name = MessangerApp;
			productName = MessangerApp;
			productReference = 2D76489621A205600014B899 /* MessangerApp.app */;
			productType = "com.apple.product-type.application";
		};
		2D7648A921A205610014B899 /* MessangerAppTests */ = {
			isa = PBXNativeTarget;
			buildConfigurationList = 2D7648C121A205610014B899 /* Build configuration list for PBXNativeTarget "MessangerAppTests" */;
			buildPhases = (
				24BD510FD858C48B4A69D3ED /* [CP] Check Pods Manifest.lock */,
				2D7648A621A205610014B899 /* Sources */,
				2D7648A721A205610014B899 /* Frameworks */,
				2D7648A821A205610014B899 /* Resources */,
			);
			buildRules = (
			);
			dependencies = (
				2D7648AC21A205610014B899 /* PBXTargetDependency */,
			);
			name = MessangerAppTests;
			productName = MessangerAppTests;
			productReference = 2D7648AA21A205610014B899 /* MessangerAppTests.xctest */;
			productType = "com.apple.product-type.bundle.unit-test";
		};
		2D7648B421A205610014B899 /* MessangerAppUITests */ = {
			isa = PBXNativeTarget;
			buildConfigurationList = 2D7648C421A205610014B899 /* Build configuration list for PBXNativeTarget "MessangerAppUITests" */;
			buildPhases = (
				2C5FDF8911055B88BCD9739C /* [CP] Check Pods Manifest.lock */,
				2D7648B121A205610014B899 /* Sources */,
				2D7648B221A205610014B899 /* Frameworks */,
				2D7648B321A205610014B899 /* Resources */,
			);
			buildRules = (
			);
			dependencies = (
				2D7648B721A205610014B899 /* PBXTargetDependency */,
			);
			name = MessangerAppUITests;
			productName = MessangerAppUITests;
			productReference = 2D7648B521A205610014B899 /* MessangerAppUITests.xctest */;
			productType = "com.apple.product-type.bundle.ui-testing";
		};
/* End PBXNativeTarget section */

/* Begin PBXProject section */
		2D76488E21A205600014B899 /* Project object */ = {
			isa = PBXProject;
			attributes = {
				LastSwiftUpdateCheck = 1000;
				LastUpgradeCheck = 1000;
				ORGANIZATIONNAME = "Igor-Macbook Pro";
				TargetAttributes = {
					2D76489521A205600014B899 = {
						CreatedOnToolsVersion = 10.0;
					};
					2D7648A921A205610014B899 = {
						CreatedOnToolsVersion = 10.0;
						TestTargetID = 2D76489521A205600014B899;
					};
					2D7648B421A205610014B899 = {
						CreatedOnToolsVersion = 10.0;
						TestTargetID = 2D76489521A205600014B899;
					};
				};
			};
			buildConfigurationList = 2D76489121A205600014B899 /* Build configuration list for PBXProject "MessangerApp" */;
			compatibilityVersion = "Xcode 9.3";
			developmentRegion = en;
			hasScannedForEncodings = 0;
			knownRegions = (
				en,
				Base,
			);
			mainGroup = 2D76488D21A205600014B899;
			productRefGroup = 2D76489721A205600014B899 /* Products */;
			projectDirPath = "";
			projectRoot = "";
			targets = (
				2D76489521A205600014B899 /* MessangerApp */,
				2D7648A921A205610014B899 /* MessangerAppTests */,
				2D7648B421A205610014B899 /* MessangerAppUITests */,
			);
		};
/* End PBXProject section */

/* Begin PBXResourcesBuildPhase section */
		2D76489421A205600014B899 /* Resources */ = {
			isa = PBXResourcesBuildPhase;
			buildActionMask = 2147483647;
			files = (
				2D320F6E21A340DF006F26D0 /* MessageCell.xib in Resources */,
				2D320F7021A346C7006F26D0 /* GoogleService-Info.plist in Resources */,
				2D320F6A21A3409A006F26D0 /* ContactCell.xib in Resources */,
				2D7648A421A205600014B899 /* LaunchScreen.storyboard in Resources */,
				2D7648A121A205600014B899 /* Assets.xcassets in Resources */,
				2D76489F21A205600014B899 /* Main.storyboard in Resources */,
			);
			runOnlyForDeploymentPostprocessing = 0;
		};
		2D7648A821A205610014B899 /* Resources */ = {
			isa = PBXResourcesBuildPhase;
			buildActionMask = 2147483647;
			files = (
			);
			runOnlyForDeploymentPostprocessing = 0;
		};
		2D7648B321A205610014B899 /* Resources */ = {
			isa = PBXResourcesBuildPhase;
			buildActionMask = 2147483647;
			files = (
			);
			runOnlyForDeploymentPostprocessing = 0;
		};
/* End PBXResourcesBuildPhase section */

/* Begin PBXShellScriptBuildPhase section */
		24BD510FD858C48B4A69D3ED /* [CP] Check Pods Manifest.lock */ = {
			isa = PBXShellScriptBuildPhase;
			buildActionMask = 2147483647;
			files = (
			);
			inputFileListPaths = (
			);
			inputPaths = (
				"${PODS_PODFILE_DIR_PATH}/Podfile.lock",
				"${PODS_ROOT}/Manifest.lock",
			);
			name = "[CP] Check Pods Manifest.lock";
			outputFileListPaths = (
			);
			outputPaths = (
				"$(DERIVED_FILE_DIR)/Pods-MessangerAppTests-checkManifestLockResult.txt",
			);
			runOnlyForDeploymentPostprocessing = 0;
			shellPath = /bin/sh;
			shellScript = "diff \"${PODS_PODFILE_DIR_PATH}/Podfile.lock\" \"${PODS_ROOT}/Manifest.lock\" > /dev/null\nif [ $? != 0 ] ; then\n    # print error to STDERR\n    echo \"error: The sandbox is not in sync with the Podfile.lock. Run 'pod install' or update your CocoaPods installation.\" >&2\n    exit 1\nfi\n# This output is used by Xcode 'outputs' to avoid re-running this script phase.\necho \"SUCCESS\" > \"${SCRIPT_OUTPUT_FILE_0}\"\n";
			showEnvVarsInLog = 0;
		};
		2C5FDF8911055B88BCD9739C /* [CP] Check Pods Manifest.lock */ = {
			isa = PBXShellScriptBuildPhase;
			buildActionMask = 2147483647;
			files = (
			);
			inputFileListPaths = (
			);
			inputPaths = (
				"${PODS_PODFILE_DIR_PATH}/Podfile.lock",
				"${PODS_ROOT}/Manifest.lock",
			);
			name = "[CP] Check Pods Manifest.lock";
			outputFileListPaths = (
			);
			outputPaths = (
				"$(DERIVED_FILE_DIR)/Pods-MessangerAppUITests-checkManifestLockResult.txt",
			);
			runOnlyForDeploymentPostprocessing = 0;
			shellPath = /bin/sh;
			shellScript = "diff \"${PODS_PODFILE_DIR_PATH}/Podfile.lock\" \"${PODS_ROOT}/Manifest.lock\" > /dev/null\nif [ $? != 0 ] ; then\n    # print error to STDERR\n    echo \"error: The sandbox is not in sync with the Podfile.lock. Run 'pod install' or update your CocoaPods installation.\" >&2\n    exit 1\nfi\n# This output is used by Xcode 'outputs' to avoid re-running this script phase.\necho \"SUCCESS\" > \"${SCRIPT_OUTPUT_FILE_0}\"\n";
			showEnvVarsInLog = 0;
		};
		5EA4CE5C6C5B37F5F704F698 /* [CP] Check Pods Manifest.lock */ = {
			isa = PBXShellScriptBuildPhase;
			buildActionMask = 2147483647;
			files = (
			);
			inputFileListPaths = (
			);
			inputPaths = (
				"${PODS_PODFILE_DIR_PATH}/Podfile.lock",
				"${PODS_ROOT}/Manifest.lock",
			);
			name = "[CP] Check Pods Manifest.lock";
			outputFileListPaths = (
			);
			outputPaths = (
				"$(DERIVED_FILE_DIR)/Pods-MessangerApp-checkManifestLockResult.txt",
			);
			runOnlyForDeploymentPostprocessing = 0;
			shellPath = /bin/sh;
			shellScript = "diff \"${PODS_PODFILE_DIR_PATH}/Podfile.lock\" \"${PODS_ROOT}/Manifest.lock\" > /dev/null\nif [ $? != 0 ] ; then\n    # print error to STDERR\n    echo \"error: The sandbox is not in sync with the Podfile.lock. Run 'pod install' or update your CocoaPods installation.\" >&2\n    exit 1\nfi\n# This output is used by Xcode 'outputs' to avoid re-running this script phase.\necho \"SUCCESS\" > \"${SCRIPT_OUTPUT_FILE_0}\"\n";
			showEnvVarsInLog = 0;
		};
		B38C4C26B4852E69309452E0 /* [CP] Embed Pods Frameworks */ = {
			isa = PBXShellScriptBuildPhase;
			buildActionMask = 2147483647;
			files = (
			);
			inputFileListPaths = (
			);
			inputPaths = (
				"${SRCROOT}/Pods/Target Support Files/Pods-MessangerApp/Pods-MessangerApp-frameworks.sh",
				"${BUILT_PRODUCTS_DIR}/BoringSSL/openssl.framework",
				"${BUILT_PRODUCTS_DIR}/GTMSessionFetcher/GTMSessionFetcher.framework",
				"${BUILT_PRODUCTS_DIR}/GoogleUtilities/GoogleUtilities.framework",
				"${BUILT_PRODUCTS_DIR}/Protobuf/Protobuf.framework",
				"${BUILT_PRODUCTS_DIR}/SwiftyJSON/SwiftyJSON.framework",
				"${BUILT_PRODUCTS_DIR}/gRPC/GRPCClient.framework",
				"${BUILT_PRODUCTS_DIR}/gRPC-C++/grpcpp.framework",
				"${BUILT_PRODUCTS_DIR}/gRPC-Core/grpc.framework",
				"${BUILT_PRODUCTS_DIR}/gRPC-ProtoRPC/ProtoRPC.framework",
				"${BUILT_PRODUCTS_DIR}/gRPC-RxLibrary/RxLibrary.framework",
				"${BUILT_PRODUCTS_DIR}/leveldb-library/leveldb.framework",
				"${BUILT_PRODUCTS_DIR}/nanopb/nanopb.framework",
			);
			name = "[CP] Embed Pods Frameworks";
			outputFileListPaths = (
			);
			outputPaths = (
				"${TARGET_BUILD_DIR}/${FRAMEWORKS_FOLDER_PATH}/openssl.framework",
				"${TARGET_BUILD_DIR}/${FRAMEWORKS_FOLDER_PATH}/GTMSessionFetcher.framework",
				"${TARGET_BUILD_DIR}/${FRAMEWORKS_FOLDER_PATH}/GoogleUtilities.framework",
				"${TARGET_BUILD_DIR}/${FRAMEWORKS_FOLDER_PATH}/Protobuf.framework",
				"${TARGET_BUILD_DIR}/${FRAMEWORKS_FOLDER_PATH}/SwiftyJSON.framework",
				"${TARGET_BUILD_DIR}/${FRAMEWORKS_FOLDER_PATH}/GRPCClient.framework",
				"${TARGET_BUILD_DIR}/${FRAMEWORKS_FOLDER_PATH}/grpcpp.framework",
				"${TARGET_BUILD_DIR}/${FRAMEWORKS_FOLDER_PATH}/grpc.framework",
				"${TARGET_BUILD_DIR}/${FRAMEWORKS_FOLDER_PATH}/ProtoRPC.framework",
				"${TARGET_BUILD_DIR}/${FRAMEWORKS_FOLDER_PATH}/RxLibrary.framework",
				"${TARGET_BUILD_DIR}/${FRAMEWORKS_FOLDER_PATH}/leveldb.framework",
				"${TARGET_BUILD_DIR}/${FRAMEWORKS_FOLDER_PATH}/nanopb.framework",
			);
			runOnlyForDeploymentPostprocessing = 0;
			shellPath = /bin/sh;
			shellScript = "\"${SRCROOT}/Pods/Target Support Files/Pods-MessangerApp/Pods-MessangerApp-frameworks.sh\"\n";
			showEnvVarsInLog = 0;
		};
/* End PBXShellScriptBuildPhase section */

/* Begin PBXSourcesBuildPhase section */
		2D76489221A205600014B899 /* Sources */ = {
			isa = PBXSourcesBuildPhase;
			buildActionMask = 2147483647;
			files = (
				2D320F6921A3409A006F26D0 /* ContactCell.swift in Sources */,
				2D51457721A5A05E00DA9FD1 /* ContactPerson.swift in Sources */,
				2D320F6D21A340DF006F26D0 /* MessageCell.swift in Sources */,
				2D51457921A5A0E300DA9FD1 /* Message.swift in Sources */,
				2D81179321A84948007F3778 /* AddNewContactViewController.swift in Sources */,
				2D320F7421A34E94006F26D0 /* SigninViewController.swift in Sources */,
				2D76489C21A205600014B899 /* WelcomeViewController.swift in Sources */,
				2D51457521A59FEA00DA9FD1 /* ChatListViewController.swift in Sources */,
				2D76489A21A205600014B899 /* AppDelegate.swift in Sources */,
				2D320F7221A34CB1006F26D0 /* RegistrationViewController.swift in Sources */,
			);
			runOnlyForDeploymentPostprocessing = 0;
		};
		2D7648A621A205610014B899 /* Sources */ = {
			isa = PBXSourcesBuildPhase;
			buildActionMask = 2147483647;
			files = (
				2D7648AF21A205610014B899 /* MessangerAppTests.swift in Sources */,
			);
			runOnlyForDeploymentPostprocessing = 0;
		};
		2D7648B121A205610014B899 /* Sources */ = {
			isa = PBXSourcesBuildPhase;
			buildActionMask = 2147483647;
			files = (
				2D7648BA21A205610014B899 /* MessangerAppUITests.swift in Sources */,
			);
			runOnlyForDeploymentPostprocessing = 0;
		};
/* End PBXSourcesBuildPhase section */

/* Begin PBXTargetDependency section */
		2D7648AC21A205610014B899 /* PBXTargetDependency */ = {
			isa = PBXTargetDependency;
			target = 2D76489521A205600014B899 /* MessangerApp */;
			targetProxy = 2D7648AB21A205610014B899 /* PBXContainerItemProxy */;
		};
		2D7648B721A205610014B899 /* PBXTargetDependency */ = {
			isa = PBXTargetDependency;
			target = 2D76489521A205600014B899 /* MessangerApp */;
			targetProxy = 2D7648B621A205610014B899 /* PBXContainerItemProxy */;
		};
/* End PBXTargetDependency section */

/* Begin PBXVariantGroup section */
		2D76489D21A205600014B899 /* Main.storyboard */ = {
			isa = PBXVariantGroup;
			children = (
				2D76489E21A205600014B899 /* Base */,
			);
			name = Main.storyboard;
			sourceTree = "<group>";
		};
		2D7648A221A205600014B899 /* LaunchScreen.storyboard */ = {
			isa = PBXVariantGroup;
			children = (
				2D7648A321A205600014B899 /* Base */,
			);
			name = LaunchScreen.storyboard;
			sourceTree = "<group>";
		};
/* End PBXVariantGroup section */

/* Begin XCBuildConfiguration section */
		2D7648BC21A205610014B899 /* Debug */ = {
			isa = XCBuildConfiguration;
			buildSettings = {
				ALWAYS_SEARCH_USER_PATHS = NO;
				CLANG_ANALYZER_NONNULL = YES;
				CLANG_ANALYZER_NUMBER_OBJECT_CONVERSION = YES_AGGRESSIVE;
				CLANG_CXX_LANGUAGE_STANDARD = "gnu++14";
				CLANG_CXX_LIBRARY = "libc++";
				CLANG_ENABLE_MODULES = YES;
				CLANG_ENABLE_OBJC_ARC = YES;
				CLANG_ENABLE_OBJC_WEAK = YES;
				CLANG_WARN_BLOCK_CAPTURE_AUTORELEASING = YES;
				CLANG_WARN_BOOL_CONVERSION = YES;
				CLANG_WARN_COMMA = YES;
				CLANG_WARN_CONSTANT_CONVERSION = YES;
				CLANG_WARN_DEPRECATED_OBJC_IMPLEMENTATIONS = YES;
				CLANG_WARN_DIRECT_OBJC_ISA_USAGE = YES_ERROR;
				CLANG_WARN_DOCUMENTATION_COMMENTS = YES;
				CLANG_WARN_EMPTY_BODY = YES;
				CLANG_WARN_ENUM_CONVERSION = YES;
				CLANG_WARN_INFINITE_RECURSION = YES;
				CLANG_WARN_INT_CONVERSION = YES;
				CLANG_WARN_NON_LITERAL_NULL_CONVERSION = YES;
				CLANG_WARN_OBJC_IMPLICIT_RETAIN_SELF = YES;
				CLANG_WARN_OBJC_LITERAL_CONVERSION = YES;
				CLANG_WARN_OBJC_ROOT_CLASS = YES_ERROR;
				CLANG_WARN_RANGE_LOOP_ANALYSIS = YES;
				CLANG_WARN_STRICT_PROTOTYPES = YES;
				CLANG_WARN_SUSPICIOUS_MOVE = YES;
				CLANG_WARN_UNGUARDED_AVAILABILITY = YES_AGGRESSIVE;
				CLANG_WARN_UNREACHABLE_CODE = YES;
				CLANG_WARN__DUPLICATE_METHOD_MATCH = YES;
				CODE_SIGN_IDENTITY = "iPhone Developer";
				COPY_PHASE_STRIP = NO;
				DEBUG_INFORMATION_FORMAT = dwarf;
				ENABLE_STRICT_OBJC_MSGSEND = YES;
				ENABLE_TESTABILITY = YES;
				GCC_C_LANGUAGE_STANDARD = gnu11;
				GCC_DYNAMIC_NO_PIC = NO;
				GCC_NO_COMMON_BLOCKS = YES;
				GCC_OPTIMIZATION_LEVEL = 0;
				GCC_PREPROCESSOR_DEFINITIONS = (
					"DEBUG=1",
					"$(inherited)",
				);
				GCC_WARN_64_TO_32_BIT_CONVERSION = YES;
				GCC_WARN_ABOUT_RETURN_TYPE = YES_ERROR;
				GCC_WARN_UNDECLARED_SELECTOR = YES;
				GCC_WARN_UNINITIALIZED_AUTOS = YES_AGGRESSIVE;
				GCC_WARN_UNUSED_FUNCTION = YES;
				GCC_WARN_UNUSED_VARIABLE = YES;
				IPHONEOS_DEPLOYMENT_TARGET = 12.0;
				MTL_ENABLE_DEBUG_INFO = INCLUDE_SOURCE;
				MTL_FAST_MATH = YES;
				ONLY_ACTIVE_ARCH = YES;
				SDKROOT = iphoneos;
				SWIFT_ACTIVE_COMPILATION_CONDITIONS = DEBUG;
				SWIFT_OPTIMIZATION_LEVEL = "-Onone";
			};
			name = Debug;
		};
		2D7648BD21A205610014B899 /* Release */ = {
			isa = XCBuildConfiguration;
			buildSettings = {
				ALWAYS_SEARCH_USER_PATHS = NO;
				CLANG_ANALYZER_NONNULL = YES;
				CLANG_ANALYZER_NUMBER_OBJECT_CONVERSION = YES_AGGRESSIVE;
				CLANG_CXX_LANGUAGE_STANDARD = "gnu++14";
				CLANG_CXX_LIBRARY = "libc++";
				CLANG_ENABLE_MODULES = YES;
				CLANG_ENABLE_OBJC_ARC = YES;
				CLANG_ENABLE_OBJC_WEAK = YES;
				CLANG_WARN_BLOCK_CAPTURE_AUTORELEASING = YES;
				CLANG_WARN_BOOL_CONVERSION = YES;
				CLANG_WARN_COMMA = YES;
				CLANG_WARN_CONSTANT_CONVERSION = YES;
				CLANG_WARN_DEPRECATED_OBJC_IMPLEMENTATIONS = YES;
				CLANG_WARN_DIRECT_OBJC_ISA_USAGE = YES_ERROR;
				CLANG_WARN_DOCUMENTATION_COMMENTS = YES;
				CLANG_WARN_EMPTY_BODY = YES;
				CLANG_WARN_ENUM_CONVERSION = YES;
				CLANG_WARN_INFINITE_RECURSION = YES;
				CLANG_WARN_INT_CONVERSION = YES;
				CLANG_WARN_NON_LITERAL_NULL_CONVERSION = YES;
				CLANG_WARN_OBJC_IMPLICIT_RETAIN_SELF = YES;
				CLANG_WARN_OBJC_LITERAL_CONVERSION = YES;
				CLANG_WARN_OBJC_ROOT_CLASS = YES_ERROR;
				CLANG_WARN_RANGE_LOOP_ANALYSIS = YES;
				CLANG_WARN_STRICT_PROTOTYPES = YES;
				CLANG_WARN_SUSPICIOUS_MOVE = YES;
				CLANG_WARN_UNGUARDED_AVAILABILITY = YES_AGGRESSIVE;
				CLANG_WARN_UNREACHABLE_CODE = YES;
				CLANG_WARN__DUPLICATE_METHOD_MATCH = YES;
				CODE_SIGN_IDENTITY = "iPhone Developer";
				COPY_PHASE_STRIP = NO;
				DEBUG_INFORMATION_FORMAT = "dwarf-with-dsym";
				ENABLE_NS_ASSERTIONS = NO;
				ENABLE_STRICT_OBJC_MSGSEND = YES;
				GCC_C_LANGUAGE_STANDARD = gnu11;
				GCC_NO_COMMON_BLOCKS = YES;
				GCC_WARN_64_TO_32_BIT_CONVERSION = YES;
				GCC_WARN_ABOUT_RETURN_TYPE = YES_ERROR;
				GCC_WARN_UNDECLARED_SELECTOR = YES;
				GCC_WARN_UNINITIALIZED_AUTOS = YES_AGGRESSIVE;
				GCC_WARN_UNUSED_FUNCTION = YES;
				GCC_WARN_UNUSED_VARIABLE = YES;
				IPHONEOS_DEPLOYMENT_TARGET = 12.0;
				MTL_ENABLE_DEBUG_INFO = NO;
				MTL_FAST_MATH = YES;
				SDKROOT = iphoneos;
				SWIFT_COMPILATION_MODE = wholemodule;
				SWIFT_OPTIMIZATION_LEVEL = "-O";
				VALIDATE_PRODUCT = YES;
			};
			name = Release;
		};
		2D7648BF21A205610014B899 /* Debug */ = {
			isa = XCBuildConfiguration;
			baseConfigurationReference = F4BC79F4140F9B68C4CA1FF2 /* Pods-MessangerApp.debug.xcconfig */;
			buildSettings = {
				ASSETCATALOG_COMPILER_APPICON_NAME = AppIcon;
				CODE_SIGN_STYLE = Automatic;
				DEVELOPMENT_TEAM = G3P284NUFU;
				INFOPLIST_FILE = MessangerApp/Info.plist;
				LD_RUNPATH_SEARCH_PATHS = (
					"$(inherited)",
					"@executable_path/Frameworks",
				);
				PRODUCT_BUNDLE_IDENTIFIER = com.Naumenko.MessangerApp;
				PRODUCT_NAME = "$(TARGET_NAME)";
				SWIFT_VERSION = 4.2;
				TARGETED_DEVICE_FAMILY = "1,2";
			};
			name = Debug;
		};
		2D7648C021A205610014B899 /* Release */ = {
			isa = XCBuildConfiguration;
			baseConfigurationReference = E4056C00FB370AE1AEF28BDC /* Pods-MessangerApp.release.xcconfig */;
			buildSettings = {
				ASSETCATALOG_COMPILER_APPICON_NAME = AppIcon;
				CODE_SIGN_STYLE = Automatic;
				DEVELOPMENT_TEAM = G3P284NUFU;
				INFOPLIST_FILE = MessangerApp/Info.plist;
				LD_RUNPATH_SEARCH_PATHS = (
					"$(inherited)",
					"@executable_path/Frameworks",
				);
				PRODUCT_BUNDLE_IDENTIFIER = com.Naumenko.MessangerApp;
				PRODUCT_NAME = "$(TARGET_NAME)";
				SWIFT_VERSION = 4.2;
				TARGETED_DEVICE_FAMILY = "1,2";
			};
			name = Release;
		};
		2D7648C221A205610014B899 /* Debug */ = {
			isa = XCBuildConfiguration;
			baseConfigurationReference = F032E0BAA341E276257F328F /* Pods-MessangerAppTests.debug.xcconfig */;
			buildSettings = {
				ALWAYS_EMBED_SWIFT_STANDARD_LIBRARIES = YES;
				BUNDLE_LOADER = "$(TEST_HOST)";
				CODE_SIGN_STYLE = Automatic;
				DEVELOPMENT_TEAM = G3P284NUFU;
				INFOPLIST_FILE = MessangerAppTests/Info.plist;
				LD_RUNPATH_SEARCH_PATHS = (
					"$(inherited)",
					"@executable_path/Frameworks",
					"@loader_path/Frameworks",
				);
				PRODUCT_BUNDLE_IDENTIFIER = com.Naumenko.MessangerAppTests;
				PRODUCT_NAME = "$(TARGET_NAME)";
				SWIFT_VERSION = 4.2;
				TARGETED_DEVICE_FAMILY = "1,2";
				TEST_HOST = "$(BUILT_PRODUCTS_DIR)/MessangerApp.app/MessangerApp";
			};
			name = Debug;
		};
		2D7648C321A205610014B899 /* Release */ = {
			isa = XCBuildConfiguration;
			baseConfigurationReference = 7CB984D501546466E33515A6 /* Pods-MessangerAppTests.release.xcconfig */;
			buildSettings = {
				ALWAYS_EMBED_SWIFT_STANDARD_LIBRARIES = YES;
				BUNDLE_LOADER = "$(TEST_HOST)";
				CODE_SIGN_STYLE = Automatic;
				DEVELOPMENT_TEAM = G3P284NUFU;
				INFOPLIST_FILE = MessangerAppTests/Info.plist;
				LD_RUNPATH_SEARCH_PATHS = (
					"$(inherited)",
					"@executable_path/Frameworks",
					"@loader_path/Frameworks",
				);
				PRODUCT_BUNDLE_IDENTIFIER = com.Naumenko.MessangerAppTests;
				PRODUCT_NAME = "$(TARGET_NAME)";
				SWIFT_VERSION = 4.2;
				TARGETED_DEVICE_FAMILY = "1,2";
				TEST_HOST = "$(BUILT_PRODUCTS_DIR)/MessangerApp.app/MessangerApp";
			};
			name = Release;
		};
		2D7648C521A205610014B899 /* Debug */ = {
			isa = XCBuildConfiguration;
			baseConfigurationReference = 764BEFA9A85450DAD8D806D9 /* Pods-MessangerAppUITests.debug.xcconfig */;
			buildSettings = {
				ALWAYS_EMBED_SWIFT_STANDARD_LIBRARIES = YES;
				CODE_SIGN_STYLE = Automatic;
				DEVELOPMENT_TEAM = G3P284NUFU;
				INFOPLIST_FILE = MessangerAppUITests/Info.plist;
				LD_RUNPATH_SEARCH_PATHS = (
					"$(inherited)",
					"@executable_path/Frameworks",
					"@loader_path/Frameworks",
				);
				PRODUCT_BUNDLE_IDENTIFIER = com.Naumenko.MessangerAppUITests;
				PRODUCT_NAME = "$(TARGET_NAME)";
				SWIFT_VERSION = 4.2;
				TARGETED_DEVICE_FAMILY = "1,2";
				TEST_TARGET_NAME = MessangerApp;
			};
			name = Debug;
		};
		2D7648C621A205610014B899 /* Release */ = {
			isa = XCBuildConfiguration;
			baseConfigurationReference = AF7014AA746290C8C4C337D4 /* Pods-MessangerAppUITests.release.xcconfig */;
			buildSettings = {
				ALWAYS_EMBED_SWIFT_STANDARD_LIBRARIES = YES;
				CODE_SIGN_STYLE = Automatic;
				DEVELOPMENT_TEAM = G3P284NUFU;
				INFOPLIST_FILE = MessangerAppUITests/Info.plist;
				LD_RUNPATH_SEARCH_PATHS = (
					"$(inherited)",
					"@executable_path/Frameworks",
					"@loader_path/Frameworks",
				);
				PRODUCT_BUNDLE_IDENTIFIER = com.Naumenko.MessangerAppUITests;
				PRODUCT_NAME = "$(TARGET_NAME)";
				SWIFT_VERSION = 4.2;
				TARGETED_DEVICE_FAMILY = "1,2";
				TEST_TARGET_NAME = MessangerApp;
			};
			name = Release;
		};
/* End XCBuildConfiguration section */

/* Begin XCConfigurationList section */
		2D76489121A205600014B899 /* Build configuration list for PBXProject "MessangerApp" */ = {
			isa = XCConfigurationList;
			buildConfigurations = (
				2D7648BC21A205610014B899 /* Debug */,
				2D7648BD21A205610014B899 /* Release */,
			);
			defaultConfigurationIsVisible = 0;
			defaultConfigurationName = Release;
		};
		2D7648BE21A205610014B899 /* Build configuration list for PBXNativeTarget "MessangerApp" */ = {
			isa = XCConfigurationList;
			buildConfigurations = (
				2D7648BF21A205610014B899 /* Debug */,
				2D7648C021A205610014B899 /* Release */,
			);
			defaultConfigurationIsVisible = 0;
			defaultConfigurationName = Release;
		};
		2D7648C121A205610014B899 /* Build configuration list for PBXNativeTarget "MessangerAppTests" */ = {
			isa = XCConfigurationList;
			buildConfigurations = (
				2D7648C221A205610014B899 /* Debug */,
				2D7648C321A205610014B899 /* Release */,
			);
			defaultConfigurationIsVisible = 0;
			defaultConfigurationName = Release;
		};
		2D7648C421A205610014B899 /* Build configuration list for PBXNativeTarget "MessangerAppUITests" */ = {
			isa = XCConfigurationList;
			buildConfigurations = (
				2D7648C521A205610014B899 /* Debug */,
				2D7648C621A205610014B899 /* Release */,
			);
			defaultConfigurationIsVisible = 0;
			defaultConfigurationName = Release;
		};
/* End XCConfigurationList section */
	};
	rootObject = 2D76488E21A205600014B899 /* Project object */;
}
